
Microsoft Visual Studio Solution File, Format Version 12.00
Project("{FAE04EC0-301F-11D3-BF4B-00C04F79EFBC}") = "Domain", "Domain\Domain.csproj", "{0746024F-28C7-41FC-8636-F6CDD7C584AE}"
EndProject
Project("{FAE04EC0-301F-11D3-BF4B-00C04F79EFBC}") = "Application", "Application\Application.csproj", "{240B76B1-CCAD-486E-91F2-CCA2E15339D9}"
EndProject
Project("{FAE04EC0-301F-11D3-BF4B-00C04F79EFBC}") = "BL", "BL\BL.csproj", "{26D0A687-806F-4470-81E1-02A28E3820E3}"
EndProject
Project("{FAE04EC0-301F-11D3-BF4B-00C04F79EFBC}") = "DAL", "DAL\DAL.csproj", "{C9613CD1-09D0-4CE1-8646-34F01EC749F9}"
EndProject
Project("{FAE04EC0-301F-11D3-BF4B-00C04F79EFBC}") = "Abstractions", "Abstractions\Abstractions.csproj", "{DCB00E1C-BC24-4698-AD72-621DF0D0B910}"
EndProject
Project("{FAE04EC0-301F-11D3-BF4B-00C04F79EFBC}") = "Database", "Database\Database.csproj", "{EEF5F8FF-52E6-4F0F-B7F0-3090CA02F37A}"
EndProject
Global
	GlobalSection(SolutionConfigurationPlatforms) = preSolution
		Debug|Any CPU = Debug|Any CPU
		Release|Any CPU = Release|Any CPU
	EndGlobalSection
	GlobalSection(ProjectConfigurationPlatforms) = postSolution
		{0746024F-28C7-41FC-8636-F6CDD7C584AE}.Debug|Any CPU.ActiveCfg = Debug|Any CPU
		{0746024F-28C7-41FC-8636-F6CDD7C584AE}.Debug|Any CPU.Build.0 = Debug|Any CPU
		{0746024F-28C7-41FC-8636-F6CDD7C584AE}.Release|Any CPU.ActiveCfg = Release|Any CPU
		{0746024F-28C7-41FC-8636-F6CDD7C584AE}.Release|Any CPU.Build.0 = Release|Any CPU
		{240B76B1-CCAD-486E-91F2-CCA2E15339D9}.Debug|Any CPU.ActiveCfg = Debug|Any CPU
		{240B76B1-CCAD-486E-91F2-CCA2E15339D9}.Debug|Any CPU.Build.0 = Debug|Any CPU
		{240B76B1-CCAD-486E-91F2-CCA2E15339D9}.Release|Any CPU.ActiveCfg = Release|Any CPU
		{240B76B1-CCAD-486E-91F2-CCA2E15339D9}.Release|Any CPU.Build.0 = Release|Any CPU
		{26D0A687-806F-4470-81E1-02A28E3820E3}.Debug|Any CPU.ActiveCfg = Debug|Any CPU
		{26D0A687-806F-4470-81E1-02A28E3820E3}.Debug|Any CPU.Build.0 = Debug|Any CPU
		{26D0A687-806F-4470-81E1-02A28E3820E3}.Release|Any CPU.ActiveCfg = Release|Any CPU
		{26D0A687-806F-4470-81E1-02A28E3820E3}.Release|Any CPU.Build.0 = Release|Any CPU
		{C9613CD1-09D0-4CE1-8646-34F01EC749F9}.Debug|Any CPU.ActiveCfg = Debug|Any CPU
		{C9613CD1-09D0-4CE1-8646-34F01EC749F9}.Debug|Any CPU.Build.0 = Debug|Any CPU
		{C9613CD1-09D0-4CE1-8646-34F01EC749F9}.Release|Any CPU.ActiveCfg = Release|Any CPU
		{C9613CD1-09D0-4CE1-8646-34F01EC749F9}.Release|Any CPU.Build.0 = Release|Any CPU
		{DCB00E1C-BC24-4698-AD72-621DF0D0B910}.Debug|Any CPU.ActiveCfg = Debug|Any CPU
		{DCB00E1C-BC24-4698-AD72-621DF0D0B910}.Debug|Any CPU.Build.0 = Debug|Any CPU
		{DCB00E1C-BC24-4698-AD72-621DF0D0B910}.Release|Any CPU.ActiveCfg = Release|Any CPU
		{DCB00E1C-BC24-4698-AD72-621DF0D0B910}.Release|Any CPU.Build.0 = Release|Any CPU
		{EEF5F8FF-52E6-4F0F-B7F0-3090CA02F37A}.Debug|Any CPU.ActiveCfg = Debug|Any CPU
		{EEF5F8FF-52E6-4F0F-B7F0-3090CA02F37A}.Debug|Any CPU.Build.0 = Debug|Any CPU
		{EEF5F8FF-52E6-4F0F-B7F0-3090CA02F37A}.Release|Any CPU.ActiveCfg = Release|Any CPU
		{EEF5F8FF-52E6-4F0F-B7F0-3090CA02F37A}.Release|Any CPU.Build.0 = Release|Any CPU
	EndGlobalSection
EndGlobal
